
Microsoft Visual Studio Solution File, Format Version 12.00
# Visual Studio Version 16
VisualStudioVersion = 16.0.31829.152
MinimumVisualStudioVersion = 10.0.40219.1
Project("{9A19103F-16F7-4668-BE54-9A1E7A4F7556}") = "ProtobufDecoder.Application.WinForms", "src\ProtobufDecoder.Application.WinForms\ProtobufDecoder.Application.WinForms.csproj", "{79F37025-5508-4D42-AD94-DF64BE672AAB}"
EndProject
Project("{2150E333-8FDC-42A3-9474-1A3956D46DE8}") = "src", "src", "{A0347729-2D8E-40F3-9F17-CB926CDA7325}"
EndProject
Project("{FAE04EC0-301F-11D3-BF4B-00C04F79EFBC}") = "ProtobufDecoder", "src\ProtobufDecoder\ProtobufDecoder.csproj", "{C0CA5E5C-4D0A-4FB8-9CB6-AE5F02897990}"
EndProject
Project("{2150E333-8FDC-42A3-9474-1A3956D46DE8}") = "test", "test", "{89391546-8B29-4EDA-B259-B561EB449CDD}"
EndProject
Project("{FAE04EC0-301F-11D3-BF4B-00C04F79EFBC}") = "ProtobufDecoder.Test.Unit", "test\ProtobufDecoder.Test.Unit\ProtobufDecoder.Test.Unit.csproj", "{337EF3D8-F123-4A1C-9C55-2609C03C0492}"
EndProject
Global
	GlobalSection(SolutionConfigurationPlatforms) = preSolution
		Debug|Any CPU = Debug|Any CPU
		Release|Any CPU = Release|Any CPU
	EndGlobalSection
	GlobalSection(ProjectConfigurationPlatforms) = postSolution
		{79F37025-5508-4D42-AD94-DF64BE672AAB}.Debug|Any CPU.ActiveCfg = Debug|Any CPU
		{79F37025-5508-4D42-AD94-DF64BE672AAB}.Debug|Any CPU.Build.0 = Debug|Any CPU
		{79F37025-5508-4D42-AD94-DF64BE672AAB}.Release|Any CPU.ActiveCfg = Release|Any CPU
		{79F37025-5508-4D42-AD94-DF64BE672AAB}.Release|Any CPU.Build.0 = Release|Any CPU
		{C0CA5E5C-4D0A-4FB8-9CB6-AE5F02897990}.Debug|Any CPU.ActiveCfg = Debug|Any CPU
		{C0CA5E5C-4D0A-4FB8-9CB6-AE5F02897990}.Debug|Any CPU.Build.0 = Debug|Any CPU
		{C0CA5E5C-4D0A-4FB8-9CB6-AE5F02897990}.Release|Any CPU.ActiveCfg = Release|Any CPU
		{C0CA5E5C-4D0A-4FB8-9CB6-AE5F02897990}.Release|Any CPU.Build.0 = Release|Any CPU
		{337EF3D8-F123-4A1C-9C55-2609C03C0492}.Debug|Any CPU.ActiveCfg = Debug|Any CPU
		{337EF3D8-F123-4A1C-9C55-2609C03C0492}.Debug|Any CPU.Build.0 = Debug|Any CPU
		{337EF3D8-F123-4A1C-9C55-2609C03C0492}.Release|Any CPU.ActiveCfg = Release|Any CPU
		{337EF3D8-F123-4A1C-9C55-2609C03C0492}.Release|Any CPU.Build.0 = Release|Any CPU
	EndGlobalSection
	GlobalSection(SolutionProperties) = preSolution
		HideSolutionNode = FALSE
	EndGlobalSection
	GlobalSection(NestedProjects) = preSolution
		{79F37025-5508-4D42-AD94-DF64BE672AAB} = {A0347729-2D8E-40F3-9F17-CB926CDA7325}
		{C0CA5E5C-4D0A-4FB8-9CB6-AE5F02897990} = {A0347729-2D8E-40F3-9F17-CB926CDA7325}
		{337EF3D8-F123-4A1C-9C55-2609C03C0492} = {89391546-8B29-4EDA-B259-B561EB449CDD}
	EndGlobalSection
	GlobalSection(ExtensibilityGlobals) = postSolution
		SolutionGuid = {DFDBC0E7-1037-4B35-B9AC-C5B3A2938326}
	EndGlobalSection
EndGlobal
